// !$*UTF8*$!
{
	archiveVersion = 1;
	classes = {
	};
	objectVersion = 50;
	objects = {

/* Begin PBXBuildFile section */
		8275FA1927FD060500202DA6 /* task4.swift in Sources */ = {isa = PBXBuildFile; fileRef = 8275FA1827FD060500202DA6 /* task4.swift */; };
		8275FA2127FD09CA00202DA6 /* task5.swift in Sources */ = {isa = PBXBuildFile; fileRef = 8275FA2027FD09CA00202DA6 /* task5.swift */; };
		8275FA2327FE6B1C00202DA6 /* main.swift in Sources */ = {isa = PBXBuildFile; fileRef = 8275FA2227FE6B1C00202DA6 /* main.swift */; };
		8275FA2527FF6C7900202DA6 /* task6.swift in Sources */ = {isa = PBXBuildFile; fileRef = 8275FA2427FF6C7900202DA6 /* task6.swift */; };
		8275FA272801EC0400202DA6 /* task7.swift in Sources */ = {isa = PBXBuildFile; fileRef = 8275FA262801EC0400202DA6 /* task7.swift */; };
/* End PBXBuildFile section */

/* Begin PBXCopyFilesBuildPhase section */
		8275FA1327FD060500202DA6 /* CopyFiles */ = {
			isa = PBXCopyFilesBuildPhase;
			buildActionMask = 2147483647;
			dstPath = /usr/share/man/man1/;
			dstSubfolderSpec = 0;
			files = (
			);
			runOnlyForDeploymentPostprocessing = 1;
		};
/* End PBXCopyFilesBuildPhase section */

/* Begin PBXFileReference section */
		8275FA1527FD060500202DA6 /* consoleTasks */ = {isa = PBXFileReference; explicitFileType = "compiled.mach-o.executable"; includeInIndex = 0; path = consoleTasks; sourceTree = BUILT_PRODUCTS_DIR; };
		8275FA1827FD060500202DA6 /* task4.swift */ = {isa = PBXFileReference; lastKnownFileType = sourcecode.swift; path = task4.swift; sourceTree = "<group>"; };
		8275FA2027FD09CA00202DA6 /* task5.swift */ = {isa = PBXFileReference; lastKnownFileType = sourcecode.swift; path = task5.swift; sourceTree = "<group>"; };
		8275FA2227FE6B1C00202DA6 /* main.swift */ = {isa = PBXFileReference; lastKnownFileType = sourcecode.swift; path = main.swift; sourceTree = "<group>"; };
		8275FA2427FF6C7900202DA6 /* task6.swift */ = {isa = PBXFileReference; lastKnownFileType = sourcecode.swift; path = task6.swift; sourceTree = "<group>"; };
		8275FA262801EC0400202DA6 /* task7.swift */ = {isa = PBXFileReference; lastKnownFileType = sourcecode.swift; path = task7.swift; sourceTree = "<group>"; };
/* End PBXFileReference section */

/* Begin PBXFrameworksBuildPhase section */
		8275FA1227FD060500202DA6 /* Frameworks */ = {
			isa = PBXFrameworksBuildPhase;
			buildActionMask = 2147483647;
			files = (
			);
			runOnlyForDeploymentPostprocessing = 0;
		};
/* End PBXFrameworksBuildPhase section */

/* Begin PBXGroup section */
		8275FA0C27FD060500202DA6 = {
			isa = PBXGroup;
			children = (
				8275FA1727FD060500202DA6 /* tasks */,
				8275FA1627FD060500202DA6 /* Products */,
			);
			sourceTree = "<group>";
		};
		8275FA1627FD060500202DA6 /* Products */ = {
			isa = PBXGroup;
			children = (
				8275FA1527FD060500202DA6 /* consoleTasks */,
			);
			name = Products;
			sourceTree = "<group>";
		};
		8275FA1727FD060500202DA6 /* tasks */ = {
			isa = PBXGroup;
			children = (
				8275FA2027FD09CA00202DA6 /* task5.swift */,
				8275FA1827FD060500202DA6 /* task4.swift */,
				8275FA2227FE6B1C00202DA6 /* main.swift */,
				8275FA2427FF6C7900202DA6 /* task6.swift */,
				8275FA262801EC0400202DA6 /* task7.swift */,
			);
			path = tasks;
			sourceTree = "<group>";
		};
/* End PBXGroup section */

/* Begin PBXNativeTarget section */
		8275FA1427FD060500202DA6 /* consoleTasks */ = {
			isa = PBXNativeTarget;
			buildConfigurationList = 8275FA1C27FD060500202DA6 /* Build configuration list for PBXNativeTarget "consoleTasks" */;
			buildPhases = (
				8275FA1127FD060500202DA6 /* Sources */,
				8275FA1227FD060500202DA6 /* Frameworks */,
				8275FA1327FD060500202DA6 /* CopyFiles */,
			);
			buildRules = (
			);
			dependencies = (
			);
			name = consoleTasks;
			productName = task4;
			productReference = 8275FA1527FD060500202DA6 /* consoleTasks */;
			productType = "com.apple.product-type.tool";
		};
/* End PBXNativeTarget section */

/* Begin PBXProject section */
		8275FA0D27FD060500202DA6 /* Project object */ = {
			isa = PBXProject;
			attributes = {
				LastSwiftUpdateCheck = 1150;
				LastUpgradeCheck = 1150;
				ORGANIZATIONNAME = "Aga Magiera";
				TargetAttributes = {
					8275FA1427FD060500202DA6 = {
						CreatedOnToolsVersion = 11.5;
					};
				};
			};
			buildConfigurationList = 8275FA1027FD060500202DA6 /* Build configuration list for PBXProject "consoleTasks" */;
			compatibilityVersion = "Xcode 9.3";
			developmentRegion = en;
			hasScannedForEncodings = 0;
			knownRegions = (
				en,
				Base,
			);
			mainGroup = 8275FA0C27FD060500202DA6;
			productRefGroup = 8275FA1627FD060500202DA6 /* Products */;
			projectDirPath = "";
			projectRoot = "";
			targets = (
				8275FA1427FD060500202DA6 /* consoleTasks */,
			);
		};
/* End PBXProject section */

/* Begin PBXSourcesBuildPhase section */
		8275FA1127FD060500202DA6 /* Sources */ = {
			isa = PBXSourcesBuildPhase;
			buildActionMask = 2147483647;
			files = (
				8275FA272801EC0400202DA6 /* task7.swift in Sources */,
				8275FA2127FD09CA00202DA6 /* task5.swift in Sources */,
				8275FA1927FD060500202DA6 /* task4.swift in Sources */,
				8275FA2327FE6B1C00202DA6 /* main.swift in Sources */,
				8275FA2527FF6C7900202DA6 /* task6.swift in Sources */,
			);
			runOnlyForDeploymentPostprocessing = 0;
		};
/* End PBXSourcesBuildPhase section */

/* Begin XCBuildConfiguration section */
		8275FA1A27FD060500202DA6 /* Debug */ = {
			isa = XCBuildConfiguration;
			buildSettings = {
				ALWAYS_SEARCH_USER_PATHS = NO;
				CLANG_ANALYZER_NONNULL = YES;
				CLANG_ANALYZER_NUMBER_OBJECT_CONVERSION = YES_AGGRESSIVE;
				CLANG_CXX_LANGUAGE_STANDARD = "gnu++14";
				CLANG_CXX_LIBRARY = "libc++";
				CLANG_ENABLE_MODULES = YES;
				CLANG_ENABLE_OBJC_ARC = YES;
				CLANG_ENABLE_OBJC_WEAK = YES;
				CLANG_WARN_BLOCK_CAPTURE_AUTORELEASING = YES;
				CLANG_WARN_BOOL_CONVERSION = YES;
				CLANG_WARN_COMMA = YES;
				CLANG_WARN_CONSTANT_CONVERSION = YES;
				CLANG_WARN_DEPRECATED_OBJC_IMPLEMENTATIONS = YES;
				CLANG_WARN_DIRECT_OBJC_ISA_USAGE = YES_ERROR;
				CLANG_WARN_DOCUMENTATION_COMMENTS = YES;
				CLANG_WARN_EMPTY_BODY = YES;
				CLANG_WARN_ENUM_CONVERSION = YES;
				CLANG_WARN_INFINITE_RECURSION = YES;
				CLANG_WARN_INT_CONVERSION = YES;
				CLANG_WARN_NON_LITERAL_NULL_CONVERSION = YES;
				CLANG_WARN_OBJC_IMPLICIT_RETAIN_SELF = YES;
				CLANG_WARN_OBJC_LITERAL_CONVERSION = YES;
				CLANG_WARN_OBJC_ROOT_CLASS = YES_ERROR;
				CLANG_WARN_RANGE_LOOP_ANALYSIS = YES;
				CLANG_WARN_STRICT_PROTOTYPES = YES;
				CLANG_WARN_SUSPICIOUS_MOVE = YES;
				CLANG_WARN_UNGUARDED_AVAILABILITY = YES_AGGRESSIVE;
				CLANG_WARN_UNREACHABLE_CODE = YES;
				CLANG_WARN__DUPLICATE_METHOD_MATCH = YES;
				COPY_PHASE_STRIP = NO;
				DEBUG_INFORMATION_FORMAT = dwarf;
				ENABLE_STRICT_OBJC_MSGSEND = YES;
				ENABLE_TESTABILITY = YES;
				GCC_C_LANGUAGE_STANDARD = gnu11;
				GCC_DYNAMIC_NO_PIC = NO;
				GCC_NO_COMMON_BLOCKS = YES;
				GCC_OPTIMIZATION_LEVEL = 0;
				GCC_PREPROCESSOR_DEFINITIONS = (
					"DEBUG=1",
					"$(inherited)",
				);
				GCC_WARN_64_TO_32_BIT_CONVERSION = YES;
				GCC_WARN_ABOUT_RETURN_TYPE = YES_ERROR;
				GCC_WARN_UNDECLARED_SELECTOR = YES;
				GCC_WARN_UNINITIALIZED_AUTOS = YES_AGGRESSIVE;
				GCC_WARN_UNUSED_FUNCTION = YES;
				GCC_WARN_UNUSED_VARIABLE = YES;
				MACOSX_DEPLOYMENT_TARGET = 10.15;
				MTL_ENABLE_DEBUG_INFO = INCLUDE_SOURCE;
				MTL_FAST_MATH = YES;
				ONLY_ACTIVE_ARCH = YES;
				SDKROOT = macosx;
				SWIFT_ACTIVE_COMPILATION_CONDITIONS = DEBUG;
				SWIFT_OPTIMIZATION_LEVEL = "-Onone";
			};
			name = Debug;
		};
		8275FA1B27FD060500202DA6 /* Release */ = {
			isa = XCBuildConfiguration;
			buildSettings = {
				ALWAYS_SEARCH_USER_PATHS = NO;
				CLANG_ANALYZER_NONNULL = YES;
				CLANG_ANALYZER_NUMBER_OBJECT_CONVERSION = YES_AGGRESSIVE;
				CLANG_CXX_LANGUAGE_STANDARD = "gnu++14";
				CLANG_CXX_LIBRARY = "libc++";
				CLANG_ENABLE_MODULES = YES;
				CLANG_ENABLE_OBJC_ARC = YES;
				CLANG_ENABLE_OBJC_WEAK = YES;
				CLANG_WARN_BLOCK_CAPTURE_AUTORELEASING = YES;
				CLANG_WARN_BOOL_CONVERSION = YES;
				CLANG_WARN_COMMA = YES;
				CLANG_WARN_CONSTANT_CONVERSION = YES;
				CLANG_WARN_DEPRECATED_OBJC_IMPLEMENTATIONS = YES;
				CLANG_WARN_DIRECT_OBJC_ISA_USAGE = YES_ERROR;
				CLANG_WARN_DOCUMENTATION_COMMENTS = YES;
				CLANG_WARN_EMPTY_BODY = YES;
				CLANG_WARN_ENUM_CONVERSION = YES;
				CLANG_WARN_INFINITE_RECURSION = YES;
				CLANG_WARN_INT_CONVERSION = YES;
				CLANG_WARN_NON_LITERAL_NULL_CONVERSION = YES;
				CLANG_WARN_OBJC_IMPLICIT_RETAIN_SELF = YES;
				CLANG_WARN_OBJC_LITERAL_CONVERSION = YES;
				CLANG_WARN_OBJC_ROOT_CLASS = YES_ERROR;
				CLANG_WARN_RANGE_LOOP_ANALYSIS = YES;
				CLANG_WARN_STRICT_PROTOTYPES = YES;
				CLANG_WARN_SUSPICIOUS_MOVE = YES;
				CLANG_WARN_UNGUARDED_AVAILABILITY = YES_AGGRESSIVE;
				CLANG_WARN_UNREACHABLE_CODE = YES;
				CLANG_WARN__DUPLICATE_METHOD_MATCH = YES;
				COPY_PHASE_STRIP = NO;
				DEBUG_INFORMATION_FORMAT = "dwarf-with-dsym";
				ENABLE_NS_ASSERTIONS = NO;
				ENABLE_STRICT_OBJC_MSGSEND = YES;
				GCC_C_LANGUAGE_STANDARD = gnu11;
				GCC_NO_COMMON_BLOCKS = YES;
				GCC_WARN_64_TO_32_BIT_CONVERSION = YES;
				GCC_WARN_ABOUT_RETURN_TYPE = YES_ERROR;
				GCC_WARN_UNDECLARED_SELECTOR = YES;
				GCC_WARN_UNINITIALIZED_AUTOS = YES_AGGRESSIVE;
				GCC_WARN_UNUSED_FUNCTION = YES;
				GCC_WARN_UNUSED_VARIABLE = YES;
				MACOSX_DEPLOYMENT_TARGET = 10.15;
				MTL_ENABLE_DEBUG_INFO = NO;
				MTL_FAST_MATH = YES;
				SDKROOT = macosx;
				SWIFT_COMPILATION_MODE = wholemodule;
				SWIFT_OPTIMIZATION_LEVEL = "-O";
			};
			name = Release;
		};
		8275FA1D27FD060500202DA6 /* Debug */ = {
			isa = XCBuildConfiguration;
			buildSettings = {
				CODE_SIGN_IDENTITY = "-";
				CODE_SIGN_STYLE = Automatic;
				DEVELOPMENT_TEAM = P35PL7M763;
				ENABLE_HARDENED_RUNTIME = YES;
				PRODUCT_NAME = "$(TARGET_NAME)";
				SWIFT_VERSION = 5.0;
			};
			name = Debug;
		};
		8275FA1E27FD060500202DA6 /* Release */ = {
			isa = XCBuildConfiguration;
			buildSettings = {
				CODE_SIGN_IDENTITY = "-";
				CODE_SIGN_STYLE = Automatic;
				DEVELOPMENT_TEAM = P35PL7M763;
				ENABLE_HARDENED_RUNTIME = YES;
				PRODUCT_NAME = "$(TARGET_NAME)";
				SWIFT_VERSION = 5.0;
			};
			name = Release;
		};
/* End XCBuildConfiguration section */

/* Begin XCConfigurationList section */
		8275FA1027FD060500202DA6 /* Build configuration list for PBXProject "consoleTasks" */ = {
			isa = XCConfigurationList;
			buildConfigurations = (
				8275FA1A27FD060500202DA6 /* Debug */,
				8275FA1B27FD060500202DA6 /* Release */,
			);
			defaultConfigurationIsVisible = 0;
			defaultConfigurationName = Release;
		};
		8275FA1C27FD060500202DA6 /* Build configuration list for PBXNativeTarget "consoleTasks" */ = {
			isa = XCConfigurationList;
			buildConfigurations = (
				8275FA1D27FD060500202DA6 /* Debug */,
				8275FA1E27FD060500202DA6 /* Release */,
			);
			defaultConfigurationIsVisible = 0;
			defaultConfigurationName = Release;
		};
/* End XCConfigurationList section */
	};
	rootObject = 8275FA0D27FD060500202DA6 /* Project object */;
}
