// !$*UTF8*$!
{
	archiveVersion = 1;
	classes = {
	};
	objectVersion = 55;
	objects = {

/* Begin PBXBuildFile section */
		826C8E35295DEAF800A1FA56 /* task5.swift in Sources */ = {isa = PBXBuildFile; fileRef = 826C8E34295DEAF800A1FA56 /* task5.swift */; };
		826C8E37295E14D900A1FA56 /* task6.swift in Sources */ = {isa = PBXBuildFile; fileRef = 826C8E36295E14D900A1FA56 /* task6.swift */; };
		826C8E39295E3A7F00A1FA56 /* task7.swift in Sources */ = {isa = PBXBuildFile; fileRef = 826C8E38295E3A7F00A1FA56 /* task7.swift */; };
		826C8E3B295EFEBD00A1FA56 /* task8.swift in Sources */ = {isa = PBXBuildFile; fileRef = 826C8E3A295EFEBD00A1FA56 /* task8.swift */; };
		826C8E3D2961ECD400A1FA56 /* advent.swift in Sources */ = {isa = PBXBuildFile; fileRef = 826C8E3C2961ECD400A1FA56 /* advent.swift */; };
		82E86C792944FF480088FA7E /* main.swift in Sources */ = {isa = PBXBuildFile; fileRef = 82E86C782944FF480088FA7E /* main.swift */; };
		82E86C802944FF670088FA7E /* task1.swift in Sources */ = {isa = PBXBuildFile; fileRef = 82E86C7F2944FF670088FA7E /* task1.swift */; };
		82E86C8229450AE00088FA7E /* task2.swift in Sources */ = {isa = PBXBuildFile; fileRef = 82E86C8129450AE00088FA7E /* task2.swift */; };
		82E86C84294518E20088FA7E /* task3.swift in Sources */ = {isa = PBXBuildFile; fileRef = 82E86C83294518E20088FA7E /* task3.swift */; };
		82E86C862947B4D70088FA7E /* task4.swift in Sources */ = {isa = PBXBuildFile; fileRef = 82E86C852947B4D70088FA7E /* task4.swift */; };
/* End PBXBuildFile section */

/* Begin PBXCopyFilesBuildPhase section */
		82E86C732944FF480088FA7E /* CopyFiles */ = {
			isa = PBXCopyFilesBuildPhase;
			buildActionMask = 2147483647;
			dstPath = /usr/share/man/man1/;
			dstSubfolderSpec = 0;
			files = (
			);
			runOnlyForDeploymentPostprocessing = 1;
		};
/* End PBXCopyFilesBuildPhase section */

/* Begin PBXFileReference section */
		826C8E34295DEAF800A1FA56 /* task5.swift */ = {isa = PBXFileReference; lastKnownFileType = sourcecode.swift; path = task5.swift; sourceTree = "<group>"; };
		826C8E36295E14D900A1FA56 /* task6.swift */ = {isa = PBXFileReference; lastKnownFileType = sourcecode.swift; path = task6.swift; sourceTree = "<group>"; };
		826C8E38295E3A7F00A1FA56 /* task7.swift */ = {isa = PBXFileReference; lastKnownFileType = sourcecode.swift; path = task7.swift; sourceTree = "<group>"; };
		826C8E3A295EFEBD00A1FA56 /* task8.swift */ = {isa = PBXFileReference; lastKnownFileType = sourcecode.swift; path = task8.swift; sourceTree = "<group>"; };
		826C8E3C2961ECD400A1FA56 /* advent.swift */ = {isa = PBXFileReference; lastKnownFileType = sourcecode.swift; path = advent.swift; sourceTree = "<group>"; };
		82E86C752944FF480088FA7E /* consoleTask2022 */ = {isa = PBXFileReference; explicitFileType = "compiled.mach-o.executable"; includeInIndex = 0; path = consoleTask2022; sourceTree = BUILT_PRODUCTS_DIR; };
		82E86C782944FF480088FA7E /* main.swift */ = {isa = PBXFileReference; lastKnownFileType = sourcecode.swift; path = main.swift; sourceTree = "<group>"; };
		82E86C7F2944FF670088FA7E /* task1.swift */ = {isa = PBXFileReference; lastKnownFileType = sourcecode.swift; path = task1.swift; sourceTree = "<group>"; };
		82E86C8129450AE00088FA7E /* task2.swift */ = {isa = PBXFileReference; lastKnownFileType = sourcecode.swift; path = task2.swift; sourceTree = "<group>"; };
		82E86C83294518E20088FA7E /* task3.swift */ = {isa = PBXFileReference; lastKnownFileType = sourcecode.swift; path = task3.swift; sourceTree = "<group>"; };
		82E86C852947B4D70088FA7E /* task4.swift */ = {isa = PBXFileReference; lastKnownFileType = sourcecode.swift; path = task4.swift; sourceTree = "<group>"; };
/* End PBXFileReference section */

/* Begin PBXFrameworksBuildPhase section */
		82E86C722944FF480088FA7E /* Frameworks */ = {
			isa = PBXFrameworksBuildPhase;
			buildActionMask = 2147483647;
			files = (
			);
			runOnlyForDeploymentPostprocessing = 0;
		};
/* End PBXFrameworksBuildPhase section */

/* Begin PBXGroup section */
		82E86C6C2944FF480088FA7E = {
			isa = PBXGroup;
			children = (
				82E86C772944FF480088FA7E /* consoleTask2022 */,
				82E86C762944FF480088FA7E /* Products */,
			);
			sourceTree = "<group>";
		};
		82E86C762944FF480088FA7E /* Products */ = {
			isa = PBXGroup;
			children = (
				82E86C752944FF480088FA7E /* consoleTask2022 */,
			);
			name = Products;
			sourceTree = "<group>";
		};
		82E86C772944FF480088FA7E /* consoleTask2022 */ = {
			isa = PBXGroup;
			children = (
				82E86C782944FF480088FA7E /* main.swift */,
				826C8E3C2961ECD400A1FA56 /* advent.swift */,
				82E86C7F2944FF670088FA7E /* task1.swift */,
				82E86C8129450AE00088FA7E /* task2.swift */,
				82E86C83294518E20088FA7E /* task3.swift */,
				82E86C852947B4D70088FA7E /* task4.swift */,
				826C8E34295DEAF800A1FA56 /* task5.swift */,
				826C8E36295E14D900A1FA56 /* task6.swift */,
				826C8E38295E3A7F00A1FA56 /* task7.swift */,
				826C8E3A295EFEBD00A1FA56 /* task8.swift */,
			);
			path = consoleTask2022;
			sourceTree = "<group>";
		};
/* End PBXGroup section */

/* Begin PBXNativeTarget section */
		82E86C742944FF480088FA7E /* consoleTask2022 */ = {
			isa = PBXNativeTarget;
			buildConfigurationList = 82E86C7C2944FF480088FA7E /* Build configuration list for PBXNativeTarget "consoleTask2022" */;
			buildPhases = (
				82E86C712944FF480088FA7E /* Sources */,
				82E86C722944FF480088FA7E /* Frameworks */,
				82E86C732944FF480088FA7E /* CopyFiles */,
			);
			buildRules = (
			);
			dependencies = (
			);
			name = consoleTask2022;
			productName = consoleTask2022;
			productReference = 82E86C752944FF480088FA7E /* consoleTask2022 */;
			productType = "com.apple.product-type.tool";
		};
/* End PBXNativeTarget section */

/* Begin PBXProject section */
		82E86C6D2944FF480088FA7E /* Project object */ = {
			isa = PBXProject;
			attributes = {
				BuildIndependentTargetsInParallel = 1;
				LastSwiftUpdateCheck = 1330;
				LastUpgradeCheck = 1330;
				TargetAttributes = {
					82E86C742944FF480088FA7E = {
						CreatedOnToolsVersion = 13.3;
					};
				};
			};
			buildConfigurationList = 82E86C702944FF480088FA7E /* Build configuration list for PBXProject "consoleTask2022" */;
			compatibilityVersion = "Xcode 13.0";
			developmentRegion = en;
			hasScannedForEncodings = 0;
			knownRegions = (
				en,
				Base,
			);
			mainGroup = 82E86C6C2944FF480088FA7E;
			productRefGroup = 82E86C762944FF480088FA7E /* Products */;
			projectDirPath = "";
			projectRoot = "";
			targets = (
				82E86C742944FF480088FA7E /* consoleTask2022 */,
			);
		};
/* End PBXProject section */

/* Begin PBXSourcesBuildPhase section */
		82E86C712944FF480088FA7E /* Sources */ = {
			isa = PBXSourcesBuildPhase;
			buildActionMask = 2147483647;
			files = (
				826C8E39295E3A7F00A1FA56 /* task7.swift in Sources */,
				82E86C84294518E20088FA7E /* task3.swift in Sources */,
				82E86C802944FF670088FA7E /* task1.swift in Sources */,
				82E86C862947B4D70088FA7E /* task4.swift in Sources */,
				82E86C8229450AE00088FA7E /* task2.swift in Sources */,
				826C8E35295DEAF800A1FA56 /* task5.swift in Sources */,
				826C8E3B295EFEBD00A1FA56 /* task8.swift in Sources */,
				826C8E37295E14D900A1FA56 /* task6.swift in Sources */,
				82E86C792944FF480088FA7E /* main.swift in Sources */,
				826C8E3D2961ECD400A1FA56 /* advent.swift in Sources */,
			);
			runOnlyForDeploymentPostprocessing = 0;
		};
/* End PBXSourcesBuildPhase section */

/* Begin XCBuildConfiguration section */
		82E86C7A2944FF480088FA7E /* Debug */ = {
			isa = XCBuildConfiguration;
			buildSettings = {
				ALWAYS_SEARCH_USER_PATHS = NO;
				CLANG_ANALYZER_NONNULL = YES;
				CLANG_ANALYZER_NUMBER_OBJECT_CONVERSION = YES_AGGRESSIVE;
				CLANG_CXX_LANGUAGE_STANDARD = "gnu++17";
				CLANG_ENABLE_MODULES = YES;
				CLANG_ENABLE_OBJC_ARC = YES;
				CLANG_ENABLE_OBJC_WEAK = YES;
				CLANG_WARN_BLOCK_CAPTURE_AUTORELEASING = YES;
				CLANG_WARN_BOOL_CONVERSION = YES;
				CLANG_WARN_COMMA = YES;
				CLANG_WARN_CONSTANT_CONVERSION = YES;
				CLANG_WARN_DEPRECATED_OBJC_IMPLEMENTATIONS = YES;
				CLANG_WARN_DIRECT_OBJC_ISA_USAGE = YES_ERROR;
				CLANG_WARN_DOCUMENTATION_COMMENTS = YES;
				CLANG_WARN_EMPTY_BODY = YES;
				CLANG_WARN_ENUM_CONVERSION = YES;
				CLANG_WARN_INFINITE_RECURSION = YES;
				CLANG_WARN_INT_CONVERSION = YES;
				CLANG_WARN_NON_LITERAL_NULL_CONVERSION = YES;
				CLANG_WARN_OBJC_IMPLICIT_RETAIN_SELF = YES;
				CLANG_WARN_OBJC_LITERAL_CONVERSION = YES;
				CLANG_WARN_OBJC_ROOT_CLASS = YES_ERROR;
				CLANG_WARN_QUOTED_INCLUDE_IN_FRAMEWORK_HEADER = YES;
				CLANG_WARN_RANGE_LOOP_ANALYSIS = YES;
				CLANG_WARN_STRICT_PROTOTYPES = YES;
				CLANG_WARN_SUSPICIOUS_MOVE = YES;
				CLANG_WARN_UNGUARDED_AVAILABILITY = YES_AGGRESSIVE;
				CLANG_WARN_UNREACHABLE_CODE = YES;
				CLANG_WARN__DUPLICATE_METHOD_MATCH = YES;
				COPY_PHASE_STRIP = NO;
				DEBUG_INFORMATION_FORMAT = dwarf;
				ENABLE_STRICT_OBJC_MSGSEND = YES;
				ENABLE_TESTABILITY = YES;
				GCC_C_LANGUAGE_STANDARD = gnu11;
				GCC_DYNAMIC_NO_PIC = NO;
				GCC_NO_COMMON_BLOCKS = YES;
				GCC_OPTIMIZATION_LEVEL = 0;
				GCC_PREPROCESSOR_DEFINITIONS = (
					"DEBUG=1",
					"$(inherited)",
				);
				GCC_WARN_64_TO_32_BIT_CONVERSION = YES;
				GCC_WARN_ABOUT_RETURN_TYPE = YES_ERROR;
				GCC_WARN_UNDECLARED_SELECTOR = YES;
				GCC_WARN_UNINITIALIZED_AUTOS = YES_AGGRESSIVE;
				GCC_WARN_UNUSED_FUNCTION = YES;
				GCC_WARN_UNUSED_VARIABLE = YES;
				MACOSX_DEPLOYMENT_TARGET = 13.0;
				MTL_ENABLE_DEBUG_INFO = INCLUDE_SOURCE;
				MTL_FAST_MATH = YES;
				ONLY_ACTIVE_ARCH = YES;
				SDKROOT = macosx;
				SWIFT_ACTIVE_COMPILATION_CONDITIONS = DEBUG;
				SWIFT_OPTIMIZATION_LEVEL = "-Onone";
				SWIFT_VERSION = 5.0;
			};
			name = Debug;
		};
		82E86C7B2944FF480088FA7E /* Release */ = {
			isa = XCBuildConfiguration;
			buildSettings = {
				ALWAYS_SEARCH_USER_PATHS = NO;
				CLANG_ANALYZER_NONNULL = YES;
				CLANG_ANALYZER_NUMBER_OBJECT_CONVERSION = YES_AGGRESSIVE;
				CLANG_CXX_LANGUAGE_STANDARD = "gnu++17";
				CLANG_ENABLE_MODULES = YES;
				CLANG_ENABLE_OBJC_ARC = YES;
				CLANG_ENABLE_OBJC_WEAK = YES;
				CLANG_WARN_BLOCK_CAPTURE_AUTORELEASING = YES;
				CLANG_WARN_BOOL_CONVERSION = YES;
				CLANG_WARN_COMMA = YES;
				CLANG_WARN_CONSTANT_CONVERSION = YES;
				CLANG_WARN_DEPRECATED_OBJC_IMPLEMENTATIONS = YES;
				CLANG_WARN_DIRECT_OBJC_ISA_USAGE = YES_ERROR;
				CLANG_WARN_DOCUMENTATION_COMMENTS = YES;
				CLANG_WARN_EMPTY_BODY = YES;
				CLANG_WARN_ENUM_CONVERSION = YES;
				CLANG_WARN_INFINITE_RECURSION = YES;
				CLANG_WARN_INT_CONVERSION = YES;
				CLANG_WARN_NON_LITERAL_NULL_CONVERSION = YES;
				CLANG_WARN_OBJC_IMPLICIT_RETAIN_SELF = YES;
				CLANG_WARN_OBJC_LITERAL_CONVERSION = YES;
				CLANG_WARN_OBJC_ROOT_CLASS = YES_ERROR;
				CLANG_WARN_QUOTED_INCLUDE_IN_FRAMEWORK_HEADER = YES;
				CLANG_WARN_RANGE_LOOP_ANALYSIS = YES;
				CLANG_WARN_STRICT_PROTOTYPES = YES;
				CLANG_WARN_SUSPICIOUS_MOVE = YES;
				CLANG_WARN_UNGUARDED_AVAILABILITY = YES_AGGRESSIVE;
				CLANG_WARN_UNREACHABLE_CODE = YES;
				CLANG_WARN__DUPLICATE_METHOD_MATCH = YES;
				COPY_PHASE_STRIP = NO;
				DEBUG_INFORMATION_FORMAT = "dwarf-with-dsym";
				ENABLE_NS_ASSERTIONS = NO;
				ENABLE_STRICT_OBJC_MSGSEND = YES;
				GCC_C_LANGUAGE_STANDARD = gnu11;
				GCC_NO_COMMON_BLOCKS = YES;
				GCC_WARN_64_TO_32_BIT_CONVERSION = YES;
				GCC_WARN_ABOUT_RETURN_TYPE = YES_ERROR;
				GCC_WARN_UNDECLARED_SELECTOR = YES;
				GCC_WARN_UNINITIALIZED_AUTOS = YES_AGGRESSIVE;
				GCC_WARN_UNUSED_FUNCTION = YES;
				GCC_WARN_UNUSED_VARIABLE = YES;
				MACOSX_DEPLOYMENT_TARGET = 13.0;
				MTL_ENABLE_DEBUG_INFO = NO;
				MTL_FAST_MATH = YES;
				SDKROOT = macosx;
				SWIFT_COMPILATION_MODE = wholemodule;
				SWIFT_OPTIMIZATION_LEVEL = "-O";
				SWIFT_VERSION = 5.0;
			};
			name = Release;
		};
		82E86C7D2944FF480088FA7E /* Debug */ = {
			isa = XCBuildConfiguration;
			buildSettings = {
				CODE_SIGN_STYLE = Automatic;
				DEVELOPMENT_TEAM = P35PL7M763;
				ENABLE_HARDENED_RUNTIME = YES;
				PRODUCT_NAME = "$(TARGET_NAME)";
				SWIFT_VERSION = 5.0;
			};
			name = Debug;
		};
		82E86C7E2944FF480088FA7E /* Release */ = {
			isa = XCBuildConfiguration;
			buildSettings = {
				CODE_SIGN_STYLE = Automatic;
				DEVELOPMENT_TEAM = P35PL7M763;
				ENABLE_HARDENED_RUNTIME = YES;
				PRODUCT_NAME = "$(TARGET_NAME)";
				SWIFT_VERSION = 5.0;
			};
			name = Release;
		};
/* End XCBuildConfiguration section */

/* Begin XCConfigurationList section */
		82E86C702944FF480088FA7E /* Build configuration list for PBXProject "consoleTask2022" */ = {
			isa = XCConfigurationList;
			buildConfigurations = (
				82E86C7A2944FF480088FA7E /* Debug */,
				82E86C7B2944FF480088FA7E /* Release */,
			);
			defaultConfigurationIsVisible = 0;
			defaultConfigurationName = Release;
		};
		82E86C7C2944FF480088FA7E /* Build configuration list for PBXNativeTarget "consoleTask2022" */ = {
			isa = XCConfigurationList;
			buildConfigurations = (
				82E86C7D2944FF480088FA7E /* Debug */,
				82E86C7E2944FF480088FA7E /* Release */,
			);
			defaultConfigurationIsVisible = 0;
			defaultConfigurationName = Release;
		};
/* End XCConfigurationList section */
	};
	rootObject = 82E86C6D2944FF480088FA7E /* Project object */;
}
